// !$*UTF8*$!
{
	archiveVersion = 1;
	classes = {
	};
	objectVersion = 46;
	objects = {

/* Begin PBXBuildFile section */
		124F93131B1727B50081C4B6 /* AcercaDeViewController.m in Sources */ = {isa = PBXBuildFile; fileRef = 124F93121B1727B50081C4B6 /* AcercaDeViewController.m */; };
		124F93161B172AD40081C4B6 /* unlocked.png in Resources */ = {isa = PBXBuildFile; fileRef = 124F93141B172AD40081C4B6 /* unlocked.png */; };
		124F93171B172AD40081C4B6 /* user.png in Resources */ = {isa = PBXBuildFile; fileRef = 124F93151B172AD40081C4B6 /* user.png */; };
		126C4D6F1AE7868600FA07C1 /* CoreData.framework in Frameworks */ = {isa = PBXBuildFile; fileRef = 126C4D6E1AE7868600FA07C1 /* CoreData.framework */; };
		12E55CC21AEE289300A37E46 /* TickleGestureRecognizer.m in Sources */ = {isa = PBXBuildFile; fileRef = 12E55CC11AEE289300A37E46 /* TickleGestureRecognizer.m */; };
		50190BD11A75B5C700FCD6FD /* main.m in Sources */ = {isa = PBXBuildFile; fileRef = 50190BD01A75B5C700FCD6FD /* main.m */; };
		50190BD41A75B5C700FCD6FD /* AppDelegate.m in Sources */ = {isa = PBXBuildFile; fileRef = 50190BD31A75B5C700FCD6FD /* AppDelegate.m */; };
		50190BD71A75B5C700FCD6FD /* ViewController.m in Sources */ = {isa = PBXBuildFile; fileRef = 50190BD61A75B5C700FCD6FD /* ViewController.m */; };
		50190BDA1A75B5C700FCD6FD /* Main.storyboard in Resources */ = {isa = PBXBuildFile; fileRef = 50190BD81A75B5C700FCD6FD /* Main.storyboard */; };
		50190BDC1A75B5C700FCD6FD /* Images.xcassets in Resources */ = {isa = PBXBuildFile; fileRef = 50190BDB1A75B5C700FCD6FD /* Images.xcassets */; };
		50190BDF1A75B5C700FCD6FD /* LaunchScreen.xib in Resources */ = {isa = PBXBuildFile; fileRef = 50190BDD1A75B5C700FCD6FD /* LaunchScreen.xib */; };
		50190BEB1A75B5C700FCD6FD /* PizarraBasquetTests.m in Sources */ = {isa = PBXBuildFile; fileRef = 50190BEA1A75B5C700FCD6FD /* PizarraBasquetTests.m */; };
		50190BF51A75B60A00FCD6FD /* AVFoundation.framework in Frameworks */ = {isa = PBXBuildFile; fileRef = 50190BF41A75B60A00FCD6FD /* AVFoundation.framework */; };
		50190BF71A75B61F00FCD6FD /* UIKit.framework in Frameworks */ = {isa = PBXBuildFile; fileRef = 50190BF61A75B61F00FCD6FD /* UIKit.framework */; };
		50190BF91A75B62900FCD6FD /* CoreGraphics.framework in Frameworks */ = {isa = PBXBuildFile; fileRef = 50190BF81A75B62900FCD6FD /* CoreGraphics.framework */; };
		50190BFF1A75B64B00FCD6FD /* basquetbol.gif in Resources */ = {isa = PBXBuildFile; fileRef = 50190BFA1A75B64B00FCD6FD /* basquetbol.gif */; };
		50190C001A75B64B00FCD6FD /* goma_de_borrar.jpg in Resources */ = {isa = PBXBuildFile; fileRef = 50190BFB1A75B64B00FCD6FD /* goma_de_borrar.jpg */; };
		50190C011A75B64B00FCD6FD /* lapiz.jpg in Resources */ = {isa = PBXBuildFile; fileRef = 50190BFC1A75B64B00FCD6FD /* lapiz.jpg */; };
		50190C021A75B64B00FCD6FD /* pista_basquet2.gif in Resources */ = {isa = PBXBuildFile; fileRef = 50190BFD1A75B64B00FCD6FD /* pista_basquet2.gif */; };
		50190C031A75B64B00FCD6FD /* pista_basquet.jpg in Resources */ = {isa = PBXBuildFile; fileRef = 50190BFE1A75B64B00FCD6FD /* pista_basquet.jpg */; };
		5026A8A91B1762B900AF231D /* user.png in Resources */ = {isa = PBXBuildFile; fileRef = 5026A8A81B1762B900AF231D /* user.png */; };
		5026A8AB1B1762C200AF231D /* unlocked.png in Resources */ = {isa = PBXBuildFile; fileRef = 5026A8AA1B1762C200AF231D /* unlocked.png */; };
		504985B31A890E1600479C68 /* ReproduccionViewController.m in Sources */ = {isa = PBXBuildFile; fileRef = 504985B21A890E1500479C68 /* ReproduccionViewController.m */; };
		504D7DB11A9B7CFF00B20901 /* jugador.jpg in Resources */ = {isa = PBXBuildFile; fileRef = 504D7DB01A9B7CFF00B20901 /* jugador.jpg */; };
		504D7DB31A9B807700B20901 /* balon.png in Resources */ = {isa = PBXBuildFile; fileRef = 504D7DB21A9B807700B20901 /* balon.png */; };
		504D7DB71A9B816E00B20901 /* start.png in Resources */ = {isa = PBXBuildFile; fileRef = 504D7DB61A9B816E00B20901 /* start.png */; };
		504D7DB91A9B817900B20901 /* pause.png in Resources */ = {isa = PBXBuildFile; fileRef = 504D7DB81A9B817900B20901 /* pause.png */; };
		506A8C6F1A8CFE690077F211 /* MediaPlayer.framework in Frameworks */ = {isa = PBXBuildFile; fileRef = 506A8C6E1A8CFE690077F211 /* MediaPlayer.framework */; };
		507858E41A7FF2ED00557760 /* Logo.jpg in Resources */ = {isa = PBXBuildFile; fileRef = 507858E31A7FF2ED00557760 /* Logo.jpg */; };
		5083F6991A75BC53008F5A81 /* pizarraViewController.m in Sources */ = {isa = PBXBuildFile; fileRef = 5083F6981A75BC53008F5A81 /* pizarraViewController.m */; };
		5083F69C1A75BF48008F5A81 /* MenuViewController.m in Sources */ = {isa = PBXBuildFile; fileRef = 5083F69B1A75BF48008F5A81 /* MenuViewController.m */; };
		5083F6A01A75C0FC008F5A81 /* RegistrarViewController.m in Sources */ = {isa = PBXBuildFile; fileRef = 5083F69F1A75C0FC008F5A81 /* RegistrarViewController.m */; };
		50ADDCC31A764DC900B43632 /* BibliotecaViewController.m in Sources */ = {isa = PBXBuildFile; fileRef = 50ADDCC21A764DC900B43632 /* BibliotecaViewController.m */; };
		50E31C941AE3B92800547803 /* LoginTableTableViewController.m in Sources */ = {isa = PBXBuildFile; fileRef = 50E31C921AE3B92800547803 /* LoginTableTableViewController.m */; };
		50E31C9D1AE3C33900547803 /* AppMainViewController.m in Sources */ = {isa = PBXBuildFile; fileRef = 50E31C9C1AE3C33900547803 /* AppMainViewController.m */; };
		50E31D931AE4F35000547803 /* mbMysqlDB.m in Sources */ = {isa = PBXBuildFile; fileRef = 50E31D921AE4F35000547803 /* mbMysqlDB.m */; };
		50E31D961AE4F4BA00547803 /* mbMysqlQuery.m in Sources */ = {isa = PBXBuildFile; fileRef = 50E31D951AE4F4BA00547803 /* mbMysqlQuery.m */; };
		50E31E1A1AE556C600547803 /* libsqlite3.0.dylib in Frameworks */ = {isa = PBXBuildFile; fileRef = 50E31E191AE556C600547803 /* libsqlite3.0.dylib */; };
		842340B55983D8AF164A47E8 /* libPods.a in Frameworks */ = {isa = PBXBuildFile; fileRef = B6F48697E7CDDFC308F6C2BD /* libPods.a */; };
/* End PBXBuildFile section */

/* Begin PBXContainerItemProxy section */
		50190BE51A75B5C700FCD6FD /* PBXContainerItemProxy */ = {
			isa = PBXContainerItemProxy;
			containerPortal = 50190BC31A75B5C700FCD6FD /* Project object */;
			proxyType = 1;
			remoteGlobalIDString = 50190BCA1A75B5C700FCD6FD;
			remoteInfo = prova;
		};
		50FFC90F1AEE951200D075BF /* PBXContainerItemProxy */ = {
			isa = PBXContainerItemProxy;
			containerPortal = 50FFC8A01AEE951100D075BF /* JSONBenchmarking.xcodeproj */;
			proxyType = 2;
			remoteGlobalIDString = 8DD76FA10486AA7600D96B5E;
			remoteInfo = JSONBenchmark;
		};
		50FFC9141AEE951200D075BF /* PBXContainerItemProxy */ = {
			isa = PBXContainerItemProxy;
			containerPortal = 50FFC8CB1AEE951100D075BF /* TouchJSON.xcodeproj */;
			proxyType = 2;
			remoteGlobalIDString = 45B15E110947D97B00AE66EB;
			remoteInfo = UnitTests;
		};
		50FFC9161AEE951200D075BF /* PBXContainerItemProxy */ = {
			isa = PBXContainerItemProxy;
			containerPortal = 50FFC8CB1AEE951100D075BF /* TouchJSON.xcodeproj */;
			proxyType = 2;
			remoteGlobalIDString = 453111B10A64EDBB00A970C2;
			remoteInfo = Demo;
		};
/* End PBXContainerItemProxy section */

/* Begin PBXFileReference section */
		124F93111B1727B50081C4B6 /* AcercaDeViewController.h */ = {isa = PBXFileReference; fileEncoding = 4; lastKnownFileType = sourcecode.c.h; path = AcercaDeViewController.h; sourceTree = "<group>"; };
		124F93121B1727B50081C4B6 /* AcercaDeViewController.m */ = {isa = PBXFileReference; fileEncoding = 4; lastKnownFileType = sourcecode.c.objc; path = AcercaDeViewController.m; sourceTree = "<group>"; };
		124F93141B172AD40081C4B6 /* unlocked.png */ = {isa = PBXFileReference; lastKnownFileType = image.png; path = unlocked.png; sourceTree = "<group>"; };
		124F93151B172AD40081C4B6 /* user.png */ = {isa = PBXFileReference; lastKnownFileType = image.png; path = user.png; sourceTree = "<group>"; };
		126C4D6E1AE7868600FA07C1 /* CoreData.framework */ = {isa = PBXFileReference; lastKnownFileType = wrapper.framework; name = CoreData.framework; path = System/Library/Frameworks/CoreData.framework; sourceTree = SDKROOT; };
		12E55CC01AEE289300A37E46 /* TickleGestureRecognizer.h */ = {isa = PBXFileReference; fileEncoding = 4; lastKnownFileType = sourcecode.c.h; path = TickleGestureRecognizer.h; sourceTree = "<group>"; };
		12E55CC11AEE289300A37E46 /* TickleGestureRecognizer.m */ = {isa = PBXFileReference; fileEncoding = 4; lastKnownFileType = sourcecode.c.objc; path = TickleGestureRecognizer.m; sourceTree = "<group>"; };
		44A7E5E4CB6D3784FF7A35CF /* Pods.debug.xcconfig */ = {isa = PBXFileReference; includeInIndex = 1; lastKnownFileType = text.xcconfig; name = Pods.debug.xcconfig; path = "Pods/Target Support Files/Pods/Pods.debug.xcconfig"; sourceTree = "<group>"; };
		50190BCB1A75B5C700FCD6FD /* prova.app */ = {isa = PBXFileReference; explicitFileType = wrapper.application; includeInIndex = 0; path = prova.app; sourceTree = BUILT_PRODUCTS_DIR; };
		50190BCF1A75B5C700FCD6FD /* Info.plist */ = {isa = PBXFileReference; lastKnownFileType = text.plist.xml; path = Info.plist; sourceTree = "<group>"; };
		50190BD01A75B5C700FCD6FD /* main.m */ = {isa = PBXFileReference; lastKnownFileType = sourcecode.c.objc; path = main.m; sourceTree = "<group>"; };
		50190BD21A75B5C700FCD6FD /* AppDelegate.h */ = {isa = PBXFileReference; lastKnownFileType = sourcecode.c.h; path = AppDelegate.h; sourceTree = "<group>"; };
		50190BD31A75B5C700FCD6FD /* AppDelegate.m */ = {isa = PBXFileReference; lastKnownFileType = sourcecode.c.objc; path = AppDelegate.m; sourceTree = "<group>"; };
		50190BD51A75B5C700FCD6FD /* ViewController.h */ = {isa = PBXFileReference; lastKnownFileType = sourcecode.c.h; path = ViewController.h; sourceTree = "<group>"; };
		50190BD61A75B5C700FCD6FD /* ViewController.m */ = {isa = PBXFileReference; lastKnownFileType = sourcecode.c.objc; path = ViewController.m; sourceTree = "<group>"; };
		50190BD91A75B5C700FCD6FD /* Base */ = {isa = PBXFileReference; lastKnownFileType = file.storyboard; name = Base; path = Base.lproj/Main.storyboard; sourceTree = "<group>"; };
		50190BDB1A75B5C700FCD6FD /* Images.xcassets */ = {isa = PBXFileReference; lastKnownFileType = folder.assetcatalog; path = Images.xcassets; sourceTree = "<group>"; };
		50190BDE1A75B5C700FCD6FD /* Base */ = {isa = PBXFileReference; lastKnownFileType = file.xib; name = Base; path = Base.lproj/LaunchScreen.xib; sourceTree = "<group>"; };
		50190BE41A75B5C700FCD6FD /* Pizarra digital.xctest */ = {isa = PBXFileReference; explicitFileType = wrapper.cfbundle; includeInIndex = 0; path = "Pizarra digital.xctest"; sourceTree = BUILT_PRODUCTS_DIR; };
		50190BE91A75B5C700FCD6FD /* Info.plist */ = {isa = PBXFileReference; lastKnownFileType = text.plist.xml; path = Info.plist; sourceTree = "<group>"; };
		50190BEA1A75B5C700FCD6FD /* PizarraBasquetTests.m */ = {isa = PBXFileReference; lastKnownFileType = sourcecode.c.objc; path = PizarraBasquetTests.m; sourceTree = "<group>"; };
		50190BF41A75B60A00FCD6FD /* AVFoundation.framework */ = {isa = PBXFileReference; lastKnownFileType = wrapper.framework; name = AVFoundation.framework; path = System/Library/Frameworks/AVFoundation.framework; sourceTree = SDKROOT; };
		50190BF61A75B61F00FCD6FD /* UIKit.framework */ = {isa = PBXFileReference; lastKnownFileType = wrapper.framework; name = UIKit.framework; path = System/Library/Frameworks/UIKit.framework; sourceTree = SDKROOT; };
		50190BF81A75B62900FCD6FD /* CoreGraphics.framework */ = {isa = PBXFileReference; lastKnownFileType = wrapper.framework; name = CoreGraphics.framework; path = System/Library/Frameworks/CoreGraphics.framework; sourceTree = SDKROOT; };
		50190BFA1A75B64B00FCD6FD /* basquetbol.gif */ = {isa = PBXFileReference; lastKnownFileType = image.gif; path = basquetbol.gif; sourceTree = "<group>"; };
		50190BFB1A75B64B00FCD6FD /* goma_de_borrar.jpg */ = {isa = PBXFileReference; lastKnownFileType = image.jpeg; path = goma_de_borrar.jpg; sourceTree = "<group>"; };
		50190BFC1A75B64B00FCD6FD /* lapiz.jpg */ = {isa = PBXFileReference; lastKnownFileType = image.jpeg; path = lapiz.jpg; sourceTree = "<group>"; };
		50190BFD1A75B64B00FCD6FD /* pista_basquet2.gif */ = {isa = PBXFileReference; lastKnownFileType = image.gif; path = pista_basquet2.gif; sourceTree = "<group>"; };
		50190BFE1A75B64B00FCD6FD /* pista_basquet.jpg */ = {isa = PBXFileReference; lastKnownFileType = image.jpeg; path = pista_basquet.jpg; sourceTree = "<group>"; };
		5026A8A81B1762B900AF231D /* user.png */ = {isa = PBXFileReference; lastKnownFileType = image.png; path = user.png; sourceTree = "<group>"; };
		5026A8AA1B1762C200AF231D /* unlocked.png */ = {isa = PBXFileReference; lastKnownFileType = image.png; path = unlocked.png; sourceTree = "<group>"; };
		504985B11A890E1500479C68 /* ReproduccionViewController.h */ = {isa = PBXFileReference; fileEncoding = 4; lastKnownFileType = sourcecode.c.h; path = ReproduccionViewController.h; sourceTree = "<group>"; };
		504985B21A890E1500479C68 /* ReproduccionViewController.m */ = {isa = PBXFileReference; fileEncoding = 4; lastKnownFileType = sourcecode.c.objc; path = ReproduccionViewController.m; sourceTree = "<group>"; };
		504D7DB01A9B7CFF00B20901 /* jugador.jpg */ = {isa = PBXFileReference; lastKnownFileType = image.jpeg; path = jugador.jpg; sourceTree = "<group>"; };
		504D7DB21A9B807700B20901 /* balon.png */ = {isa = PBXFileReference; lastKnownFileType = image.png; path = balon.png; sourceTree = "<group>"; };
		504D7DB61A9B816E00B20901 /* start.png */ = {isa = PBXFileReference; lastKnownFileType = image.png; path = start.png; sourceTree = "<group>"; };
		504D7DB81A9B817900B20901 /* pause.png */ = {isa = PBXFileReference; lastKnownFileType = image.png; path = pause.png; sourceTree = "<group>"; };
		506A8C6E1A8CFE690077F211 /* MediaPlayer.framework */ = {isa = PBXFileReference; lastKnownFileType = wrapper.framework; name = MediaPlayer.framework; path = System/Library/Frameworks/MediaPlayer.framework; sourceTree = SDKROOT; };
		507858E31A7FF2ED00557760 /* Logo.jpg */ = {isa = PBXFileReference; lastKnownFileType = image.jpeg; path = Logo.jpg; sourceTree = "<group>"; };
		5083F6971A75BC53008F5A81 /* pizarraViewController.h */ = {isa = PBXFileReference; fileEncoding = 4; lastKnownFileType = sourcecode.c.h; path = pizarraViewController.h; sourceTree = "<group>"; };
		5083F6981A75BC53008F5A81 /* pizarraViewController.m */ = {isa = PBXFileReference; fileEncoding = 4; lastKnownFileType = sourcecode.c.objc; path = pizarraViewController.m; sourceTree = "<group>"; };
		5083F69A1A75BF48008F5A81 /* MenuViewController.h */ = {isa = PBXFileReference; fileEncoding = 4; lastKnownFileType = sourcecode.c.h; path = MenuViewController.h; sourceTree = "<group>"; };
		5083F69B1A75BF48008F5A81 /* MenuViewController.m */ = {isa = PBXFileReference; fileEncoding = 4; lastKnownFileType = sourcecode.c.objc; path = MenuViewController.m; sourceTree = "<group>"; };
		5083F69E1A75C0FC008F5A81 /* RegistrarViewController.h */ = {isa = PBXFileReference; fileEncoding = 4; lastKnownFileType = sourcecode.c.h; path = RegistrarViewController.h; sourceTree = "<group>"; };
		5083F69F1A75C0FC008F5A81 /* RegistrarViewController.m */ = {isa = PBXFileReference; fileEncoding = 4; lastKnownFileType = sourcecode.c.objc; path = RegistrarViewController.m; sourceTree = "<group>"; };
		5083F6A41A75C9EA008F5A81 /* es */ = {isa = PBXFileReference; lastKnownFileType = text.plist.strings; name = es; path = es.lproj/Main.strings; sourceTree = "<group>"; };
		5083F6A51A75C9EA008F5A81 /* es */ = {isa = PBXFileReference; lastKnownFileType = text.plist.strings; name = es; path = es.lproj/LaunchScreen.strings; sourceTree = "<group>"; };
		50ADDCC11A764DC900B43632 /* BibliotecaViewController.h */ = {isa = PBXFileReference; fileEncoding = 4; lastKnownFileType = sourcecode.c.h; path = BibliotecaViewController.h; sourceTree = "<group>"; };
		50ADDCC21A764DC900B43632 /* BibliotecaViewController.m */ = {isa = PBXFileReference; fileEncoding = 4; lastKnownFileType = sourcecode.c.objc; path = BibliotecaViewController.m; sourceTree = "<group>"; };
		50E31C911AE3B92800547803 /* LoginTableTableViewController.h */ = {isa = PBXFileReference; fileEncoding = 4; lastKnownFileType = sourcecode.c.h; path = LoginTableTableViewController.h; sourceTree = "<group>"; };
		50E31C921AE3B92800547803 /* LoginTableTableViewController.m */ = {isa = PBXFileReference; fileEncoding = 4; lastKnownFileType = sourcecode.c.objc; path = LoginTableTableViewController.m; sourceTree = "<group>"; };
		50E31C9B1AE3C33900547803 /* AppMainViewController.h */ = {isa = PBXFileReference; fileEncoding = 4; lastKnownFileType = sourcecode.c.h; path = AppMainViewController.h; sourceTree = "<group>"; };
		50E31C9C1AE3C33900547803 /* AppMainViewController.m */ = {isa = PBXFileReference; fileEncoding = 4; lastKnownFileType = sourcecode.c.objc; path = AppMainViewController.m; sourceTree = "<group>"; };
		50E31D4A1AE4DA4600547803 /* big_endian.h */ = {isa = PBXFileReference; lastKnownFileType = sourcecode.c.h; path = big_endian.h; sourceTree = "<group>"; };
		50E31D4B1AE4DA4600547803 /* byte_order_generic.h */ = {isa = PBXFileReference; lastKnownFileType = sourcecode.c.h; path = byte_order_generic.h; sourceTree = "<group>"; };
		50E31D4C1AE4DA4600547803 /* byte_order_generic_x86.h */ = {isa = PBXFileReference; lastKnownFileType = sourcecode.c.h; path = byte_order_generic_x86.h; sourceTree = "<group>"; };
		50E31D4D1AE4DA4600547803 /* decimal.h */ = {isa = PBXFileReference; lastKnownFileType = sourcecode.c.h; path = decimal.h; sourceTree = "<group>"; };
		50E31D4E1AE4DA4600547803 /* errmsg.h */ = {isa = PBXFileReference; lastKnownFileType = sourcecode.c.h; path = errmsg.h; sourceTree = "<group>"; };
		50E31D4F1AE4DA4600547803 /* keycache.h */ = {isa = PBXFileReference; lastKnownFileType = sourcecode.c.h; path = keycache.h; sourceTree = "<group>"; };
		50E31D501AE4DA4600547803 /* little_endian.h */ = {isa = PBXFileReference; lastKnownFileType = sourcecode.c.h; path = little_endian.h; sourceTree = "<group>"; };
		50E31D511AE4DA4600547803 /* m_ctype.h */ = {isa = PBXFileReference; lastKnownFileType = sourcecode.c.h; path = m_ctype.h; sourceTree = "<group>"; };
		50E31D521AE4DA4600547803 /* m_string.h */ = {isa = PBXFileReference; lastKnownFileType = sourcecode.c.h; path = m_string.h; sourceTree = "<group>"; };
		50E31D531AE4DA4600547803 /* my_alloc.h */ = {isa = PBXFileReference; lastKnownFileType = sourcecode.c.h; path = my_alloc.h; sourceTree = "<group>"; };
		50E31D541AE4DA4600547803 /* my_byteorder.h */ = {isa = PBXFileReference; lastKnownFileType = sourcecode.c.h; path = my_byteorder.h; sourceTree = "<group>"; };
		50E31D551AE4DA4600547803 /* my_compiler.h */ = {isa = PBXFileReference; lastKnownFileType = sourcecode.c.h; path = my_compiler.h; sourceTree = "<group>"; };
		50E31D561AE4DA4600547803 /* my_config.h */ = {isa = PBXFileReference; lastKnownFileType = sourcecode.c.h; path = my_config.h; sourceTree = "<group>"; };
		50E31D571AE4DA4600547803 /* my_dbug.h */ = {isa = PBXFileReference; lastKnownFileType = sourcecode.c.h; path = my_dbug.h; sourceTree = "<group>"; };
		50E31D581AE4DA4600547803 /* my_dir.h */ = {isa = PBXFileReference; lastKnownFileType = sourcecode.c.h; path = my_dir.h; sourceTree = "<group>"; };
		50E31D591AE4DA4600547803 /* my_getopt.h */ = {isa = PBXFileReference; lastKnownFileType = sourcecode.c.h; path = my_getopt.h; sourceTree = "<group>"; };
		50E31D5A1AE4DA4600547803 /* my_global.h */ = {isa = PBXFileReference; lastKnownFileType = sourcecode.c.h; path = my_global.h; sourceTree = "<group>"; };
		50E31D5B1AE4DA4600547803 /* my_list.h */ = {isa = PBXFileReference; lastKnownFileType = sourcecode.c.h; path = my_list.h; sourceTree = "<group>"; };
		50E31D5C1AE4DA4600547803 /* my_pthread.h */ = {isa = PBXFileReference; lastKnownFileType = sourcecode.c.h; path = my_pthread.h; sourceTree = "<group>"; };
		50E31D5D1AE4DA4600547803 /* my_sys.h */ = {isa = PBXFileReference; lastKnownFileType = sourcecode.c.h; path = my_sys.h; sourceTree = "<group>"; };
		50E31D5E1AE4DA4600547803 /* my_xml.h */ = {isa = PBXFileReference; lastKnownFileType = sourcecode.c.h; path = my_xml.h; sourceTree = "<group>"; };
		50E31D601AE4DA4600547803 /* client_authentication.h */ = {isa = PBXFileReference; lastKnownFileType = sourcecode.c.h; path = client_authentication.h; sourceTree = "<group>"; };
		50E31D611AE4DA4600547803 /* client_plugin.h */ = {isa = PBXFileReference; lastKnownFileType = sourcecode.c.h; path = client_plugin.h; sourceTree = "<group>"; };
		50E31D621AE4DA4600547803 /* client_plugin.h.pp */ = {isa = PBXFileReference; lastKnownFileType = sourcecode.pascal; path = client_plugin.h.pp; sourceTree = "<group>"; };
		50E31D631AE4DA4600547803 /* get_password.h */ = {isa = PBXFileReference; lastKnownFileType = sourcecode.c.h; path = get_password.h; sourceTree = "<group>"; };
		50E31D641AE4DA4600547803 /* plugin_auth_common.h */ = {isa = PBXFileReference; lastKnownFileType = sourcecode.c.h; path = plugin_auth_common.h; sourceTree = "<group>"; };
		50E31D651AE4DA4600547803 /* plugin_trace.h */ = {isa = PBXFileReference; lastKnownFileType = sourcecode.c.h; path = plugin_trace.h; sourceTree = "<group>"; };
		50E31D671AE4DA4600547803 /* mysql_file.h */ = {isa = PBXFileReference; lastKnownFileType = sourcecode.c.h; path = mysql_file.h; sourceTree = "<group>"; };
		50E31D681AE4DA4600547803 /* mysql_idle.h */ = {isa = PBXFileReference; lastKnownFileType = sourcecode.c.h; path = mysql_idle.h; sourceTree = "<group>"; };
		50E31D691AE4DA4600547803 /* mysql_mdl.h */ = {isa = PBXFileReference; lastKnownFileType = sourcecode.c.h; path = mysql_mdl.h; sourceTree = "<group>"; };
		50E31D6A1AE4DA4600547803 /* mysql_memory.h */ = {isa = PBXFileReference; lastKnownFileType = sourcecode.c.h; path = mysql_memory.h; sourceTree = "<group>"; };
		50E31D6B1AE4DA4600547803 /* mysql_ps.h */ = {isa = PBXFileReference; lastKnownFileType = sourcecode.c.h; path = mysql_ps.h; sourceTree = "<group>"; };
		50E31D6C1AE4DA4600547803 /* mysql_socket.h */ = {isa = PBXFileReference; lastKnownFileType = sourcecode.c.h; path = mysql_socket.h; sourceTree = "<group>"; };
		50E31D6D1AE4DA4600547803 /* mysql_sp.h */ = {isa = PBXFileReference; lastKnownFileType = sourcecode.c.h; path = mysql_sp.h; sourceTree = "<group>"; };
		50E31D6E1AE4DA4600547803 /* mysql_stage.h */ = {isa = PBXFileReference; lastKnownFileType = sourcecode.c.h; path = mysql_stage.h; sourceTree = "<group>"; };
		50E31D6F1AE4DA4600547803 /* mysql_statement.h */ = {isa = PBXFileReference; lastKnownFileType = sourcecode.c.h; path = mysql_statement.h; sourceTree = "<group>"; };
		50E31D701AE4DA4600547803 /* mysql_table.h */ = {isa = PBXFileReference; lastKnownFileType = sourcecode.c.h; path = mysql_table.h; sourceTree = "<group>"; };
		50E31D711AE4DA4600547803 /* mysql_thread.h */ = {isa = PBXFileReference; lastKnownFileType = sourcecode.c.h; path = mysql_thread.h; sourceTree = "<group>"; };
		50E31D721AE4DA4600547803 /* mysql_transaction.h */ = {isa = PBXFileReference; lastKnownFileType = sourcecode.c.h; path = mysql_transaction.h; sourceTree = "<group>"; };
		50E31D731AE4DA4600547803 /* psi.h */ = {isa = PBXFileReference; lastKnownFileType = sourcecode.c.h; path = psi.h; sourceTree = "<group>"; };
		50E31D741AE4DA4600547803 /* psi_base.h */ = {isa = PBXFileReference; lastKnownFileType = sourcecode.c.h; path = psi_base.h; sourceTree = "<group>"; };
		50E31D751AE4DA4600547803 /* psi_memory.h */ = {isa = PBXFileReference; lastKnownFileType = sourcecode.c.h; path = psi_memory.h; sourceTree = "<group>"; };
		50E31D761AE4DA4600547803 /* service_my_snprintf.h */ = {isa = PBXFileReference; lastKnownFileType = sourcecode.c.h; path = service_my_snprintf.h; sourceTree = "<group>"; };
		50E31D771AE4DA4600547803 /* service_mysql_alloc.h */ = {isa = PBXFileReference; lastKnownFileType = sourcecode.c.h; path = service_mysql_alloc.h; sourceTree = "<group>"; };
		50E31D781AE4DA4600547803 /* mysql.h */ = {isa = PBXFileReference; lastKnownFileType = sourcecode.c.h; path = mysql.h; sourceTree = "<group>"; };
		50E31D791AE4DA4600547803 /* mysql_com.h */ = {isa = PBXFileReference; lastKnownFileType = sourcecode.c.h; path = mysql_com.h; sourceTree = "<group>"; };
		50E31D7A1AE4DA4600547803 /* mysql_com_server.h */ = {isa = PBXFileReference; lastKnownFileType = sourcecode.c.h; path = mysql_com_server.h; sourceTree = "<group>"; };
		50E31D7B1AE4DA4600547803 /* mysql_embed.h */ = {isa = PBXFileReference; lastKnownFileType = sourcecode.c.h; path = mysql_embed.h; sourceTree = "<group>"; };
		50E31D7C1AE4DA4600547803 /* mysql_time.h */ = {isa = PBXFileReference; lastKnownFileType = sourcecode.c.h; path = mysql_time.h; sourceTree = "<group>"; };
		50E31D7D1AE4DA4600547803 /* mysql_version.h */ = {isa = PBXFileReference; lastKnownFileType = sourcecode.c.h; path = mysql_version.h; sourceTree = "<group>"; };
		50E31D7E1AE4DA4600547803 /* mysqld_ername.h */ = {isa = PBXFileReference; lastKnownFileType = sourcecode.c.h; path = mysqld_ername.h; sourceTree = "<group>"; };
		50E31D7F1AE4DA4600547803 /* mysqld_error.h */ = {isa = PBXFileReference; lastKnownFileType = sourcecode.c.h; path = mysqld_error.h; sourceTree = "<group>"; };
		50E31D801AE4DA4600547803 /* sql_common.h */ = {isa = PBXFileReference; lastKnownFileType = sourcecode.c.h; path = sql_common.h; sourceTree = "<group>"; };
		50E31D811AE4DA4600547803 /* sql_state.h */ = {isa = PBXFileReference; lastKnownFileType = sourcecode.c.h; path = sql_state.h; sourceTree = "<group>"; };
		50E31D821AE4DA4600547803 /* sslopt-case.h */ = {isa = PBXFileReference; lastKnownFileType = sourcecode.c.h; path = "sslopt-case.h"; sourceTree = "<group>"; };
		50E31D831AE4DA4600547803 /* sslopt-longopts.h */ = {isa = PBXFileReference; lastKnownFileType = sourcecode.c.h; path = "sslopt-longopts.h"; sourceTree = "<group>"; };
		50E31D841AE4DA4600547803 /* sslopt-vars.h */ = {isa = PBXFileReference; lastKnownFileType = sourcecode.c.h; path = "sslopt-vars.h"; sourceTree = "<group>"; };
		50E31D851AE4DA4600547803 /* typelib.h */ = {isa = PBXFileReference; lastKnownFileType = sourcecode.c.h; path = typelib.h; sourceTree = "<group>"; };
		50E31D911AE4F35000547803 /* mbMysqlDB.h */ = {isa = PBXFileReference; fileEncoding = 4; lastKnownFileType = sourcecode.c.h; path = mbMysqlDB.h; sourceTree = "<group>"; };
		50E31D921AE4F35000547803 /* mbMysqlDB.m */ = {isa = PBXFileReference; fileEncoding = 4; lastKnownFileType = sourcecode.c.objc; path = mbMysqlDB.m; sourceTree = "<group>"; };
		50E31D941AE4F4BA00547803 /* mbMysqlQuery.h */ = {isa = PBXFileReference; fileEncoding = 4; lastKnownFileType = sourcecode.c.h; path = mbMysqlQuery.h; sourceTree = "<group>"; };
		50E31D951AE4F4BA00547803 /* mbMysqlQuery.m */ = {isa = PBXFileReference; fileEncoding = 4; lastKnownFileType = sourcecode.c.objc; path = mbMysqlQuery.m; sourceTree = "<group>"; };
		50E31E171AE555C500547803 /* libPods-Facebook-iOS-SDK.a */ = {isa = PBXFileReference; lastKnownFileType = archive.ar; name = "libPods-Facebook-iOS-SDK.a"; path = "Pods/build/Debug-iphoneos/libPods-Facebook-iOS-SDK.a"; sourceTree = "<group>"; };
		50E31E191AE556C600547803 /* libsqlite3.0.dylib */ = {isa = PBXFileReference; lastKnownFileType = "compiled.mach-o.dylib"; name = libsqlite3.0.dylib; path = usr/lib/libsqlite3.0.dylib; sourceTree = SDKROOT; };
		50FFC89D1AEE951100D075BF /* BSJSON_Test.m */ = {isa = PBXFileReference; lastKnownFileType = sourcecode.c.objc; path = BSJSON_Test.m; sourceTree = "<group>"; };
		50FFC89E1AEE951100D075BF /* JSONBenchmarking.1 */ = {isa = PBXFileReference; lastKnownFileType = text.man; path = JSONBenchmarking.1; sourceTree = "<group>"; };
		50FFC89F1AEE951100D075BF /* JSONBenchmarking.m */ = {isa = PBXFileReference; lastKnownFileType = sourcecode.c.objc; path = JSONBenchmarking.m; sourceTree = "<group>"; };
		50FFC8A01AEE951100D075BF /* JSONBenchmarking.xcodeproj */ = {isa = PBXFileReference; lastKnownFileType = "wrapper.pb-project"; path = JSONBenchmarking.xcodeproj; sourceTree = "<group>"; };
		50FFC8A31AEE951100D075BF /* JSONBenchmarking_Prefix.pch */ = {isa = PBXFileReference; lastKnownFileType = sourcecode.c.h; path = JSONBenchmarking_Prefix.pch; sourceTree = "<group>"; };
		50FFC8A41AEE951100D075BF /* load.py */ = {isa = PBXFileReference; lastKnownFileType = text.script.python; path = load.py; sourceTree = "<group>"; };
		50FFC8A51AEE951100D075BF /* main.m */ = {isa = PBXFileReference; lastKnownFileType = sourcecode.c.objc; path = main.m; sourceTree = "<group>"; };
		50FFC8A61AEE951100D075BF /* Prefix.pch */ = {isa = PBXFileReference; lastKnownFileType = sourcecode.c.h; path = Prefix.pch; sourceTree = "<group>"; };
		50FFC8A71AEE951100D075BF /* random_json.py */ = {isa = PBXFileReference; lastKnownFileType = text.script.python; path = random_json.py; sourceTree = "<group>"; };
		50FFC8A81AEE951100D075BF /* SbrautasetJSON_Test.m */ = {isa = PBXFileReference; lastKnownFileType = sourcecode.c.objc; path = SbrautasetJSON_Test.m; sourceTree = "<group>"; };
		50FFC8AA1AEE951100D075BF /* load.py */ = {isa = PBXFileReference; lastKnownFileType = text.script.python; path = load.py; sourceTree = "<group>"; };
		50FFC8AB1AEE951100D075BF /* random_json.py */ = {isa = PBXFileReference; lastKnownFileType = text.script.python; path = random_json.py; sourceTree = "<group>"; };
		50FFC8AD1AEE951100D075BF /* 1439636.json */ = {isa = PBXFileReference; lastKnownFileType = text.json; path = 1439636.json; sourceTree = "<group>"; };
		50FFC8AE1AEE951100D075BF /* 6229615.json */ = {isa = PBXFileReference; lastKnownFileType = text.json; path = 6229615.json; sourceTree = "<group>"; };
		50FFC8AF1AEE951100D075BF /* TouchJSON_Test.m */ = {isa = PBXFileReference; lastKnownFileType = sourcecode.c.objc; path = TouchJSON_Test.m; sourceTree = "<group>"; };
		50FFC8B11AEE951100D075BF /* main.m */ = {isa = PBXFileReference; lastKnownFileType = sourcecode.c.objc; path = main.m; sourceTree = "<group>"; };
		50FFC8B21AEE951100D075BF /* LICENSE.txt */ = {isa = PBXFileReference; lastKnownFileType = text; path = LICENSE.txt; sourceTree = "<group>"; };
		50FFC8B31AEE951100D075BF /* README.txt */ = {isa = PBXFileReference; lastKnownFileType = text; path = README.txt; sourceTree = "<group>"; };
		50FFC8B51AEE951100D075BF /* CDataScanner.h */ = {isa = PBXFileReference; lastKnownFileType = sourcecode.c.h; path = CDataScanner.h; sourceTree = "<group>"; };
		50FFC8B61AEE951100D075BF /* CDataScanner.m */ = {isa = PBXFileReference; lastKnownFileType = sourcecode.c.objc; path = CDataScanner.m; sourceTree = "<group>"; };
		50FFC8B81AEE951100D075BF /* CDataScanner_Extensions.h */ = {isa = PBXFileReference; lastKnownFileType = sourcecode.c.h; path = CDataScanner_Extensions.h; sourceTree = "<group>"; };
		50FFC8B91AEE951100D075BF /* CDataScanner_Extensions.m */ = {isa = PBXFileReference; lastKnownFileType = sourcecode.c.objc; path = CDataScanner_Extensions.m; sourceTree = "<group>"; };
		50FFC8BA1AEE951100D075BF /* NSCharacterSet_Extensions.h */ = {isa = PBXFileReference; lastKnownFileType = sourcecode.c.h; path = NSCharacterSet_Extensions.h; sourceTree = "<group>"; };
		50FFC8BB1AEE951100D075BF /* NSCharacterSet_Extensions.m */ = {isa = PBXFileReference; lastKnownFileType = sourcecode.c.objc; path = NSCharacterSet_Extensions.m; sourceTree = "<group>"; };
		50FFC8BC1AEE951100D075BF /* NSDictionary_JSONExtensions.h */ = {isa = PBXFileReference; lastKnownFileType = sourcecode.c.h; path = NSDictionary_JSONExtensions.h; sourceTree = "<group>"; };
		50FFC8BD1AEE951100D075BF /* NSDictionary_JSONExtensions.m */ = {isa = PBXFileReference; lastKnownFileType = sourcecode.c.objc; path = NSDictionary_JSONExtensions.m; sourceTree = "<group>"; };
		50FFC8BE1AEE951100D075BF /* NSScanner_Extensions.h */ = {isa = PBXFileReference; lastKnownFileType = sourcecode.c.h; path = NSScanner_Extensions.h; sourceTree = "<group>"; };
		50FFC8BF1AEE951100D075BF /* NSScanner_Extensions.m */ = {isa = PBXFileReference; lastKnownFileType = sourcecode.c.objc; path = NSScanner_Extensions.m; sourceTree = "<group>"; };
		50FFC8C11AEE951100D075BF /* CJSONDataSerializer.h */ = {isa = PBXFileReference; lastKnownFileType = sourcecode.c.h; path = CJSONDataSerializer.h; sourceTree = "<group>"; };
		50FFC8C21AEE951100D075BF /* CJSONDataSerializer.m */ = {isa = PBXFileReference; lastKnownFileType = sourcecode.c.objc; path = CJSONDataSerializer.m; sourceTree = "<group>"; };
		50FFC8C31AEE951100D075BF /* CJSONDeserializer.h */ = {isa = PBXFileReference; lastKnownFileType = sourcecode.c.h; path = CJSONDeserializer.h; sourceTree = "<group>"; };
		50FFC8C41AEE951100D075BF /* CJSONDeserializer.m */ = {isa = PBXFileReference; lastKnownFileType = sourcecode.c.objc; path = CJSONDeserializer.m; sourceTree = "<group>"; };
		50FFC8C51AEE951100D075BF /* CJSONScanner.h */ = {isa = PBXFileReference; lastKnownFileType = sourcecode.c.h; path = CJSONScanner.h; sourceTree = "<group>"; };
		50FFC8C61AEE951100D075BF /* CJSONScanner.m */ = {isa = PBXFileReference; lastKnownFileType = sourcecode.c.objc; path = CJSONScanner.m; sourceTree = "<group>"; };
		50FFC8C71AEE951100D075BF /* CJSONSerializer.h */ = {isa = PBXFileReference; lastKnownFileType = sourcecode.c.h; path = CJSONSerializer.h; sourceTree = "<group>"; };
		50FFC8C81AEE951100D075BF /* CJSONSerializer.m */ = {isa = PBXFileReference; lastKnownFileType = sourcecode.c.objc; path = CJSONSerializer.m; sourceTree = "<group>"; };
		50FFC8C91AEE951100D075BF /* CSerializedJSONData.h */ = {isa = PBXFileReference; lastKnownFileType = sourcecode.c.h; path = CSerializedJSONData.h; sourceTree = "<group>"; };
		50FFC8CA1AEE951100D075BF /* CSerializedJSONData.m */ = {isa = PBXFileReference; lastKnownFileType = sourcecode.c.objc; path = CSerializedJSONData.m; sourceTree = "<group>"; };
		50FFC8CB1AEE951100D075BF /* TouchJSON.xcodeproj */ = {isa = PBXFileReference; lastKnownFileType = "wrapper.pb-project"; path = TouchJSON.xcodeproj; sourceTree = "<group>"; };
		50FFC8CF1AEE951100D075BF /* Blake.json */ = {isa = PBXFileReference; lastKnownFileType = text.json; path = Blake.json; sourceTree = "<group>"; };
		50FFC8D01AEE951100D075BF /* CDataScanner_UnitTests.h */ = {isa = PBXFileReference; lastKnownFileType = sourcecode.c.h; path = CDataScanner_UnitTests.h; sourceTree = "<group>"; };
		50FFC8D11AEE951100D075BF /* CDataScanner_UnitTests.m */ = {isa = PBXFileReference; lastKnownFileType = sourcecode.c.objc; path = CDataScanner_UnitTests.m; sourceTree = "<group>"; };
		50FFC8D21AEE951100D075BF /* CJSONDeserializer_UnitTests.h */ = {isa = PBXFileReference; lastKnownFileType = sourcecode.c.h; path = CJSONDeserializer_UnitTests.h; sourceTree = "<group>"; };
		50FFC8D31AEE951100D075BF /* CJSONDeserializer_UnitTests.m */ = {isa = PBXFileReference; lastKnownFileType = sourcecode.c.objc; path = CJSONDeserializer_UnitTests.m; sourceTree = "<group>"; };
		50FFC8D41AEE951100D075BF /* CJSONScanner_UnitTests.h */ = {isa = PBXFileReference; lastKnownFileType = sourcecode.c.h; path = CJSONScanner_UnitTests.h; sourceTree = "<group>"; };
		50FFC8D51AEE951100D075BF /* CJSONScanner_UnitTests.m */ = {isa = PBXFileReference; lastKnownFileType = sourcecode.c.objc; path = CJSONScanner_UnitTests.m; sourceTree = "<group>"; };
		50FFC8D61AEE951100D075BF /* CJSONSerializer_UnitTests.h */ = {isa = PBXFileReference; lastKnownFileType = sourcecode.c.h; path = CJSONSerializer_UnitTests.h; sourceTree = "<group>"; };
		50FFC8D71AEE951100D075BF /* CJSONSerializer_UnitTests.m */ = {isa = PBXFileReference; lastKnownFileType = sourcecode.c.objc; path = CJSONSerializer_UnitTests.m; sourceTree = "<group>"; };
		50FFC8D81AEE951100D075BF /* Info.plist */ = {isa = PBXFileReference; lastKnownFileType = text.plist.xml; path = Info.plist; sourceTree = "<group>"; };
		50FFC8DA1AEE951100D075BF /* ex1.json */ = {isa = PBXFileReference; lastKnownFileType = text.json; path = ex1.json; sourceTree = "<group>"; };
		50FFC8DB1AEE951100D075BF /* ex1.plist */ = {isa = PBXFileReference; lastKnownFileType = text.plist.xml; path = ex1.plist; sourceTree = "<group>"; };
		50FFC8DC1AEE951100D075BF /* ex2.json */ = {isa = PBXFileReference; lastKnownFileType = text.json; path = ex2.json; sourceTree = "<group>"; };
		50FFC8DD1AEE951100D075BF /* ex2.plist */ = {isa = PBXFileReference; lastKnownFileType = text.plist.xml; path = ex2.plist; sourceTree = "<group>"; };
		50FFC8DE1AEE951100D075BF /* ex3.json */ = {isa = PBXFileReference; lastKnownFileType = text.json; path = ex3.json; sourceTree = "<group>"; };
		50FFC8DF1AEE951100D075BF /* ex3.plist */ = {isa = PBXFileReference; lastKnownFileType = text.plist.xml; path = ex3.plist; sourceTree = "<group>"; };
		50FFC8E01AEE951100D075BF /* ex4.json */ = {isa = PBXFileReference; lastKnownFileType = text.json; path = ex4.json; sourceTree = "<group>"; };
		50FFC8E11AEE951100D075BF /* ex4.plist */ = {isa = PBXFileReference; lastKnownFileType = text.plist.xml; path = ex4.plist; sourceTree = "<group>"; };
		50FFC8E21AEE951100D075BF /* ex5.json */ = {isa = PBXFileReference; lastKnownFileType = text.json; path = ex5.json; sourceTree = "<group>"; };
		50FFC8E41AEE951100D075BF /* fail1.json */ = {isa = PBXFileReference; lastKnownFileType = text.json; path = fail1.json; sourceTree = "<group>"; };
		50FFC8E51AEE951100D075BF /* fail10.json */ = {isa = PBXFileReference; lastKnownFileType = text.json; path = fail10.json; sourceTree = "<group>"; };
		50FFC8E61AEE951100D075BF /* fail11.json */ = {isa = PBXFileReference; lastKnownFileType = text.json; path = fail11.json; sourceTree = "<group>"; };
		50FFC8E71AEE951100D075BF /* fail12.json */ = {isa = PBXFileReference; lastKnownFileType = text.json; path = fail12.json; sourceTree = "<group>"; };
		50FFC8E81AEE951100D075BF /* fail13.json */ = {isa = PBXFileReference; lastKnownFileType = text.json; path = fail13.json; sourceTree = "<group>"; };
		50FFC8E91AEE951100D075BF /* fail14.json */ = {isa = PBXFileReference; lastKnownFileType = text.json; path = fail14.json; sourceTree = "<group>"; };
		50FFC8EA1AEE951100D075BF /* fail15.json */ = {isa = PBXFileReference; lastKnownFileType = text.json; path = fail15.json; sourceTree = "<group>"; };
		50FFC8EB1AEE951100D075BF /* fail16.json */ = {isa = PBXFileReference; lastKnownFileType = text.json; path = fail16.json; sourceTree = "<group>"; };
		50FFC8EC1AEE951100D075BF /* fail17.json */ = {isa = PBXFileReference; lastKnownFileType = text.json; path = fail17.json; sourceTree = "<group>"; };
		50FFC8ED1AEE951100D075BF /* fail18.json */ = {isa = PBXFileReference; lastKnownFileType = text.json; path = fail18.json; sourceTree = "<group>"; };
		50FFC8EE1AEE951100D075BF /* fail19.json */ = {isa = PBXFileReference; lastKnownFileType = text.json; path = fail19.json; sourceTree = "<group>"; };
		50FFC8EF1AEE951100D075BF /* fail2.json */ = {isa = PBXFileReference; lastKnownFileType = text.json; path = fail2.json; sourceTree = "<group>"; };
		50FFC8F01AEE951100D075BF /* fail20.json */ = {isa = PBXFileReference; lastKnownFileType = text.json; path = fail20.json; sourceTree = "<group>"; };
		50FFC8F11AEE951100D075BF /* fail21.json */ = {isa = PBXFileReference; lastKnownFileType = text.json; path = fail21.json; sourceTree = "<group>"; };
		50FFC8F21AEE951100D075BF /* fail22.json */ = {isa = PBXFileReference; lastKnownFileType = text.json; path = fail22.json; sourceTree = "<group>"; };
		50FFC8F31AEE951100D075BF /* fail23.json */ = {isa = PBXFileReference; lastKnownFileType = text.json; path = fail23.json; sourceTree = "<group>"; };
		50FFC8F41AEE951100D075BF /* fail24.json */ = {isa = PBXFileReference; lastKnownFileType = text.json; path = fail24.json; sourceTree = "<group>"; };
		50FFC8F51AEE951100D075BF /* fail25.json */ = {isa = PBXFileReference; lastKnownFileType = text.json; path = fail25.json; sourceTree = "<group>"; };
		50FFC8F61AEE951100D075BF /* fail26.json */ = {isa = PBXFileReference; lastKnownFileType = text.json; path = fail26.json; sourceTree = "<group>"; };
		50FFC8F71AEE951100D075BF /* fail27.json */ = {isa = PBXFileReference; lastKnownFileType = text.json; path = fail27.json; sourceTree = "<group>"; };
		50FFC8F81AEE951100D075BF /* fail28.json */ = {isa = PBXFileReference; lastKnownFileType = text.json; path = fail28.json; sourceTree = "<group>"; };
		50FFC8F91AEE951100D075BF /* fail29.json */ = {isa = PBXFileReference; lastKnownFileType = text.json; path = fail29.json; sourceTree = "<group>"; };
		50FFC8FA1AEE951100D075BF /* fail3.json */ = {isa = PBXFileReference; lastKnownFileType = text.json; path = fail3.json; sourceTree = "<group>"; };
		50FFC8FB1AEE951100D075BF /* fail30.json */ = {isa = PBXFileReference; lastKnownFileType = text.json; path = fail30.json; sourceTree = "<group>"; };
		50FFC8FC1AEE951100D075BF /* fail31.json */ = {isa = PBXFileReference; lastKnownFileType = text.json; path = fail31.json; sourceTree = "<group>"; };
		50FFC8FD1AEE951100D075BF /* fail32.json */ = {isa = PBXFileReference; lastKnownFileType = text.json; path = fail32.json; sourceTree = "<group>"; };
		50FFC8FE1AEE951100D075BF /* fail33.json */ = {isa = PBXFileReference; lastKnownFileType = text.json; path = fail33.json; sourceTree = "<group>"; };
		50FFC8FF1AEE951100D075BF /* fail4.json */ = {isa = PBXFileReference; lastKnownFileType = text.json; path = fail4.json; sourceTree = "<group>"; };
		50FFC9001AEE951100D075BF /* fail5.json */ = {isa = PBXFileReference; lastKnownFileType = text.json; path = fail5.json; sourceTree = "<group>"; };
		50FFC9011AEE951100D075BF /* fail6.json */ = {isa = PBXFileReference; lastKnownFileType = text.json; path = fail6.json; sourceTree = "<group>"; };
		50FFC9021AEE951100D075BF /* fail7.json */ = {isa = PBXFileReference; lastKnownFileType = text.json; path = fail7.json; sourceTree = "<group>"; };
		50FFC9031AEE951100D075BF /* fail8.json */ = {isa = PBXFileReference; lastKnownFileType = text.json; path = fail8.json; sourceTree = "<group>"; };
		50FFC9041AEE951100D075BF /* fail9.json */ = {isa = PBXFileReference; lastKnownFileType = text.json; path = fail9.json; sourceTree = "<group>"; };
		50FFC9051AEE951100D075BF /* pass1.json */ = {isa = PBXFileReference; lastKnownFileType = text.json; path = pass1.json; sourceTree = "<group>"; };
		50FFC9061AEE951100D075BF /* pass2.json */ = {isa = PBXFileReference; lastKnownFileType = text.json; path = pass2.json; sourceTree = "<group>"; };
		50FFC9071AEE951100D075BF /* pass3.json */ = {isa = PBXFileReference; lastKnownFileType = text.json; path = pass3.json; sourceTree = "<group>"; };
		50FFC9081AEE951100D075BF /* README */ = {isa = PBXFileReference; lastKnownFileType = text; path = README; sourceTree = "<group>"; };
		50FFC9091AEE951100D075BF /* README */ = {isa = PBXFileReference; lastKnownFileType = text; path = README; sourceTree = "<group>"; };
		50FFC90A1AEE951100D075BF /* rfc4627a.json */ = {isa = PBXFileReference; lastKnownFileType = text.json; path = rfc4627a.json; sourceTree = "<group>"; };
		50FFC90B1AEE951100D075BF /* rfc4627a.plist */ = {isa = PBXFileReference; lastKnownFileType = text.plist.xml; path = rfc4627a.plist; sourceTree = "<group>"; };
		50FFC90C1AEE951100D075BF /* rfc4627b.json */ = {isa = PBXFileReference; lastKnownFileType = text.json; path = rfc4627b.json; sourceTree = "<group>"; };
		50FFC90D1AEE951100D075BF /* rfc4627b.plist */ = {isa = PBXFileReference; lastKnownFileType = text.plist.xml; path = rfc4627b.plist; sourceTree = "<group>"; };
		54401B30E128C681F11159BD /* Pods.release.xcconfig */ = {isa = PBXFileReference; includeInIndex = 1; lastKnownFileType = text.xcconfig; name = Pods.release.xcconfig; path = "Pods/Target Support Files/Pods/Pods.release.xcconfig"; sourceTree = "<group>"; };
		B6F48697E7CDDFC308F6C2BD /* libPods.a */ = {isa = PBXFileReference; explicitFileType = archive.ar; includeInIndex = 0; path = libPods.a; sourceTree = BUILT_PRODUCTS_DIR; };
/* End PBXFileReference section */

/* Begin PBXFrameworksBuildPhase section */
		50190BC81A75B5C700FCD6FD /* Frameworks */ = {
			isa = PBXFrameworksBuildPhase;
			buildActionMask = 2147483647;
			files = (
				126C4D6F1AE7868600FA07C1 /* CoreData.framework in Frameworks */,
				50E31E1A1AE556C600547803 /* libsqlite3.0.dylib in Frameworks */,
				506A8C6F1A8CFE690077F211 /* MediaPlayer.framework in Frameworks */,
				50190BF91A75B62900FCD6FD /* CoreGraphics.framework in Frameworks */,
				50190BF71A75B61F00FCD6FD /* UIKit.framework in Frameworks */,
				50190BF51A75B60A00FCD6FD /* AVFoundation.framework in Frameworks */,
				842340B55983D8AF164A47E8 /* libPods.a in Frameworks */,
			);
			runOnlyForDeploymentPostprocessing = 0;
		};
		50190BE11A75B5C700FCD6FD /* Frameworks */ = {
			isa = PBXFrameworksBuildPhase;
			buildActionMask = 2147483647;
			files = (
			);
			runOnlyForDeploymentPostprocessing = 0;
		};
/* End PBXFrameworksBuildPhase section */

/* Begin PBXGroup section */
		50190BC21A75B5C700FCD6FD = {
			isa = PBXGroup;
			children = (
				50190BCD1A75B5C700FCD6FD /* prova */,
				50190BE71A75B5C700FCD6FD /* provaTests */,
				50190BCC1A75B5C700FCD6FD /* Products */,
				5083F6A61A75CA74008F5A81 /* Frameworks */,
				9378AA0F602B9795A95F0DC0 /* Pods */,
			);
			sourceTree = "<group>";
		};
		50190BCC1A75B5C700FCD6FD /* Products */ = {
			isa = PBXGroup;
			children = (
				50190BCB1A75B5C700FCD6FD /* prova.app */,
				50190BE41A75B5C700FCD6FD /* Pizarra digital.xctest */,
			);
			name = Products;
			sourceTree = "<group>";
		};
		50190BCD1A75B5C700FCD6FD /* prova */ = {
			isa = PBXGroup;
			children = (
				5083F6A21A75C8F5008F5A81 /* Models */,
				5083F6A31A75C8FE008F5A81 /* Views */,
				5083F6A11A75C8D1008F5A81 /* Controllers */,
				5083F69D1A75BF99008F5A81 /* imagenes */,
				50190BD81A75B5C700FCD6FD /* Main.storyboard */,
				50190BDB1A75B5C700FCD6FD /* Images.xcassets */,
				50190BDD1A75B5C700FCD6FD /* LaunchScreen.xib */,
				50190BCE1A75B5C700FCD6FD /* Supporting Files */,
			);
			path = prova;
			sourceTree = "<group>";
		};
		50190BCE1A75B5C700FCD6FD /* Supporting Files */ = {
			isa = PBXGroup;
			children = (
				50190BCF1A75B5C700FCD6FD /* Info.plist */,
				50190BD01A75B5C700FCD6FD /* main.m */,
			);
			name = "Supporting Files";
			sourceTree = "<group>";
		};
		50190BE71A75B5C700FCD6FD /* provaTests */ = {
			isa = PBXGroup;
			children = (
				50190BEA1A75B5C700FCD6FD /* PizarraBasquetTests.m */,
				50190BE81A75B5C700FCD6FD /* Supporting Files */,
			);
			path = provaTests;
			sourceTree = "<group>";
		};
		50190BE81A75B5C700FCD6FD /* Supporting Files */ = {
			isa = PBXGroup;
			children = (
				50190BE91A75B5C700FCD6FD /* Info.plist */,
			);
			name = "Supporting Files";
			sourceTree = "<group>";
		};
		5083F69D1A75BF99008F5A81 /* imagenes */ = {
			isa = PBXGroup;
			children = (
				50190BFA1A75B64B00FCD6FD /* basquetbol.gif */,
				504D7DB61A9B816E00B20901 /* start.png */,
				50190BFB1A75B64B00FCD6FD /* goma_de_borrar.jpg */,
				504D7DB81A9B817900B20901 /* pause.png */,
				124F93141B172AD40081C4B6 /* unlocked.png */,
				124F93151B172AD40081C4B6 /* user.png */,
				507858E31A7FF2ED00557760 /* Logo.jpg */,
				5026A8A81B1762B900AF231D /* user.png */,
				5026A8AA1B1762C200AF231D /* unlocked.png */,
				504D7DB21A9B807700B20901 /* balon.png */,
				50190BFC1A75B64B00FCD6FD /* lapiz.jpg */,
				50190BFD1A75B64B00FCD6FD /* pista_basquet2.gif */,
				504D7DB01A9B7CFF00B20901 /* jugador.jpg */,
				50190BFE1A75B64B00FCD6FD /* pista_basquet.jpg */,
			);
			name = imagenes;
			sourceTree = "<group>";
		};
		5083F6A11A75C8D1008F5A81 /* Controllers */ = {
			isa = PBXGroup;
			children = (
				124F93111B1727B50081C4B6 /* AcercaDeViewController.h */,
				124F93121B1727B50081C4B6 /* AcercaDeViewController.m */,
				50E31D8C1AE4F32500547803 /* bd */,
				50E31C9A1AE3B93400547803 /* login */,
				50190BD21A75B5C700FCD6FD /* AppDelegate.h */,
				50190BD31A75B5C700FCD6FD /* AppDelegate.m */,
				50190BD51A75B5C700FCD6FD /* ViewController.h */,
				50190BD61A75B5C700FCD6FD /* ViewController.m */,
				5083F69A1A75BF48008F5A81 /* MenuViewController.h */,
				5083F69B1A75BF48008F5A81 /* MenuViewController.m */,
				5083F6971A75BC53008F5A81 /* pizarraViewController.h */,
				5083F6981A75BC53008F5A81 /* pizarraViewController.m */,
				12E55CC01AEE289300A37E46 /* TickleGestureRecognizer.h */,
				12E55CC11AEE289300A37E46 /* TickleGestureRecognizer.m */,
				5083F69E1A75C0FC008F5A81 /* RegistrarViewController.h */,
				5083F69F1A75C0FC008F5A81 /* RegistrarViewController.m */,
				50ADDCC11A764DC900B43632 /* BibliotecaViewController.h */,
				50ADDCC21A764DC900B43632 /* BibliotecaViewController.m */,
				504985B11A890E1500479C68 /* ReproduccionViewController.h */,
				504985B21A890E1500479C68 /* ReproduccionViewController.m */,
			);
			name = Controllers;
			sourceTree = "<group>";
		};
		5083F6A21A75C8F5008F5A81 /* Models */ = {
			isa = PBXGroup;
			children = (
			);
			name = Models;
			sourceTree = "<group>";
		};
		5083F6A31A75C8FE008F5A81 /* Views */ = {
			isa = PBXGroup;
			children = (
			);
			name = Views;
			sourceTree = "<group>";
		};
		5083F6A61A75CA74008F5A81 /* Frameworks */ = {
			isa = PBXGroup;
			children = (
				50FFC89B1AEE951100D075BF /* TouchJSON */,
				126C4D6E1AE7868600FA07C1 /* CoreData.framework */,
				50E31E191AE556C600547803 /* libsqlite3.0.dylib */,
				50E31E171AE555C500547803 /* libPods-Facebook-iOS-SDK.a */,
				50E31D491AE4DA4600547803 /* include */,
				506A8C6E1A8CFE690077F211 /* MediaPlayer.framework */,
				50190BF41A75B60A00FCD6FD /* AVFoundation.framework */,
				50190BF61A75B61F00FCD6FD /* UIKit.framework */,
				50190BF81A75B62900FCD6FD /* CoreGraphics.framework */,
				B6F48697E7CDDFC308F6C2BD /* libPods.a */,
			);
			name = Frameworks;
			sourceTree = "<group>";
		};
		50E31C9A1AE3B93400547803 /* login */ = {
			isa = PBXGroup;
			children = (
				50E31C911AE3B92800547803 /* LoginTableTableViewController.h */,
				50E31C921AE3B92800547803 /* LoginTableTableViewController.m */,
				50E31C9B1AE3C33900547803 /* AppMainViewController.h */,
				50E31C9C1AE3C33900547803 /* AppMainViewController.m */,
			);
			name = login;
			sourceTree = "<group>";
		};
		50E31D491AE4DA4600547803 /* include */ = {
			isa = PBXGroup;
			children = (
				50E31D4A1AE4DA4600547803 /* big_endian.h */,
				50E31D4B1AE4DA4600547803 /* byte_order_generic.h */,
				50E31D4C1AE4DA4600547803 /* byte_order_generic_x86.h */,
				50E31D4D1AE4DA4600547803 /* decimal.h */,
				50E31D4E1AE4DA4600547803 /* errmsg.h */,
				50E31D4F1AE4DA4600547803 /* keycache.h */,
				50E31D501AE4DA4600547803 /* little_endian.h */,
				50E31D511AE4DA4600547803 /* m_ctype.h */,
				50E31D521AE4DA4600547803 /* m_string.h */,
				50E31D531AE4DA4600547803 /* my_alloc.h */,
				50E31D541AE4DA4600547803 /* my_byteorder.h */,
				50E31D551AE4DA4600547803 /* my_compiler.h */,
				50E31D561AE4DA4600547803 /* my_config.h */,
				50E31D571AE4DA4600547803 /* my_dbug.h */,
				50E31D581AE4DA4600547803 /* my_dir.h */,
				50E31D591AE4DA4600547803 /* my_getopt.h */,
				50E31D5A1AE4DA4600547803 /* my_global.h */,
				50E31D5B1AE4DA4600547803 /* my_list.h */,
				50E31D5C1AE4DA4600547803 /* my_pthread.h */,
				50E31D5D1AE4DA4600547803 /* my_sys.h */,
				50E31D5E1AE4DA4600547803 /* my_xml.h */,
				50E31D5F1AE4DA4600547803 /* mysql */,
				50E31D781AE4DA4600547803 /* mysql.h */,
				50E31D791AE4DA4600547803 /* mysql_com.h */,
				50E31D7A1AE4DA4600547803 /* mysql_com_server.h */,
				50E31D7B1AE4DA4600547803 /* mysql_embed.h */,
				50E31D7C1AE4DA4600547803 /* mysql_time.h */,
				50E31D7D1AE4DA4600547803 /* mysql_version.h */,
				50E31D7E1AE4DA4600547803 /* mysqld_ername.h */,
				50E31D7F1AE4DA4600547803 /* mysqld_error.h */,
				50E31D801AE4DA4600547803 /* sql_common.h */,
				50E31D811AE4DA4600547803 /* sql_state.h */,
				50E31D821AE4DA4600547803 /* sslopt-case.h */,
				50E31D831AE4DA4600547803 /* sslopt-longopts.h */,
				50E31D841AE4DA4600547803 /* sslopt-vars.h */,
				50E31D851AE4DA4600547803 /* typelib.h */,
			);
			name = include;
			path = "../../../Desktop/mysql-connector-c-6.1.6-osx10.8-x86/include";
			sourceTree = "<group>";
		};
		50E31D5F1AE4DA4600547803 /* mysql */ = {
			isa = PBXGroup;
			children = (
				50E31D601AE4DA4600547803 /* client_authentication.h */,
				50E31D611AE4DA4600547803 /* client_plugin.h */,
				50E31D621AE4DA4600547803 /* client_plugin.h.pp */,
				50E31D631AE4DA4600547803 /* get_password.h */,
				50E31D641AE4DA4600547803 /* plugin_auth_common.h */,
				50E31D651AE4DA4600547803 /* plugin_trace.h */,
				50E31D661AE4DA4600547803 /* psi */,
				50E31D761AE4DA4600547803 /* service_my_snprintf.h */,
				50E31D771AE4DA4600547803 /* service_mysql_alloc.h */,
			);
			path = mysql;
			sourceTree = "<group>";
		};
		50E31D661AE4DA4600547803 /* psi */ = {
			isa = PBXGroup;
			children = (
				50E31D671AE4DA4600547803 /* mysql_file.h */,
				50E31D681AE4DA4600547803 /* mysql_idle.h */,
				50E31D691AE4DA4600547803 /* mysql_mdl.h */,
				50E31D6A1AE4DA4600547803 /* mysql_memory.h */,
				50E31D6B1AE4DA4600547803 /* mysql_ps.h */,
				50E31D6C1AE4DA4600547803 /* mysql_socket.h */,
				50E31D6D1AE4DA4600547803 /* mysql_sp.h */,
				50E31D6E1AE4DA4600547803 /* mysql_stage.h */,
				50E31D6F1AE4DA4600547803 /* mysql_statement.h */,
				50E31D701AE4DA4600547803 /* mysql_table.h */,
				50E31D711AE4DA4600547803 /* mysql_thread.h */,
				50E31D721AE4DA4600547803 /* mysql_transaction.h */,
				50E31D731AE4DA4600547803 /* psi.h */,
				50E31D741AE4DA4600547803 /* psi_base.h */,
				50E31D751AE4DA4600547803 /* psi_memory.h */,
			);
			path = psi;
			sourceTree = "<group>";
		};
		50E31D8C1AE4F32500547803 /* bd */ = {
			isa = PBXGroup;
			children = (
				50E31D911AE4F35000547803 /* mbMysqlDB.h */,
				50E31D921AE4F35000547803 /* mbMysqlDB.m */,
				50E31D941AE4F4BA00547803 /* mbMysqlQuery.h */,
				50E31D951AE4F4BA00547803 /* mbMysqlQuery.m */,
			);
			name = bd;
			sourceTree = "<group>";
		};
		50FFC89B1AEE951100D075BF /* TouchJSON */ = {
			isa = PBXGroup;
			children = (
				50FFC89C1AEE951100D075BF /* Benchmarking */,
				50FFC8B01AEE951100D075BF /* Demo */,
				50FFC8B21AEE951100D075BF /* LICENSE.txt */,
				50FFC8B31AEE951100D075BF /* README.txt */,
				50FFC8B41AEE951100D075BF /* Source */,
				50FFC8CB1AEE951100D075BF /* TouchJSON.xcodeproj */,
				50FFC8CE1AEE951100D075BF /* UnitTests */,
			);
			name = TouchJSON;
			path = ../../../../Users/albert/Downloads/TouchJSON_1.0.8_Release/TouchJSON;
			sourceTree = "<group>";
		};
		50FFC89C1AEE951100D075BF /* Benchmarking */ = {
			isa = PBXGroup;
			children = (
				50FFC89D1AEE951100D075BF /* BSJSON_Test.m */,
				50FFC89E1AEE951100D075BF /* JSONBenchmarking.1 */,
				50FFC89F1AEE951100D075BF /* JSONBenchmarking.m */,
				50FFC8A01AEE951100D075BF /* JSONBenchmarking.xcodeproj */,
				50FFC8A31AEE951100D075BF /* JSONBenchmarking_Prefix.pch */,
				50FFC8A41AEE951100D075BF /* load.py */,
				50FFC8A51AEE951100D075BF /* main.m */,
				50FFC8A61AEE951100D075BF /* Prefix.pch */,
				50FFC8A71AEE951100D075BF /* random_json.py */,
				50FFC8A81AEE951100D075BF /* SbrautasetJSON_Test.m */,
				50FFC8A91AEE951100D075BF /* Scripts */,
				50FFC8AC1AEE951100D075BF /* TestData */,
				50FFC8AF1AEE951100D075BF /* TouchJSON_Test.m */,
			);
			path = Benchmarking;
			sourceTree = "<group>";
		};
		50FFC8A11AEE951100D075BF /* Products */ = {
			isa = PBXGroup;
			children = (
				50FFC9101AEE951200D075BF /* JSONBenchmark */,
			);
			name = Products;
			sourceTree = "<group>";
		};
		50FFC8A91AEE951100D075BF /* Scripts */ = {
			isa = PBXGroup;
			children = (
				50FFC8AA1AEE951100D075BF /* load.py */,
				50FFC8AB1AEE951100D075BF /* random_json.py */,
			);
			path = Scripts;
			sourceTree = "<group>";
		};
		50FFC8AC1AEE951100D075BF /* TestData */ = {
			isa = PBXGroup;
			children = (
				50FFC8AD1AEE951100D075BF /* 1439636.json */,
				50FFC8AE1AEE951100D075BF /* 6229615.json */,
			);
			path = TestData;
			sourceTree = "<group>";
		};
		50FFC8B01AEE951100D075BF /* Demo */ = {
			isa = PBXGroup;
			children = (
				50FFC8B11AEE951100D075BF /* main.m */,
			);
			path = Demo;
			sourceTree = "<group>";
		};
		50FFC8B41AEE951100D075BF /* Source */ = {
			isa = PBXGroup;
			children = (
				50FFC8B51AEE951100D075BF /* CDataScanner.h */,
				50FFC8B61AEE951100D075BF /* CDataScanner.m */,
				50FFC8B71AEE951100D075BF /* Extensions */,
				50FFC8C01AEE951100D075BF /* JSON */,
			);
			path = Source;
			sourceTree = "<group>";
		};
		50FFC8B71AEE951100D075BF /* Extensions */ = {
			isa = PBXGroup;
			children = (
				50FFC8B81AEE951100D075BF /* CDataScanner_Extensions.h */,
				50FFC8B91AEE951100D075BF /* CDataScanner_Extensions.m */,
				50FFC8BA1AEE951100D075BF /* NSCharacterSet_Extensions.h */,
				50FFC8BB1AEE951100D075BF /* NSCharacterSet_Extensions.m */,
				50FFC8BC1AEE951100D075BF /* NSDictionary_JSONExtensions.h */,
				50FFC8BD1AEE951100D075BF /* NSDictionary_JSONExtensions.m */,
				50FFC8BE1AEE951100D075BF /* NSScanner_Extensions.h */,
				50FFC8BF1AEE951100D075BF /* NSScanner_Extensions.m */,
			);
			path = Extensions;
			sourceTree = "<group>";
		};
		50FFC8C01AEE951100D075BF /* JSON */ = {
			isa = PBXGroup;
			children = (
				50FFC8C11AEE951100D075BF /* CJSONDataSerializer.h */,
				50FFC8C21AEE951100D075BF /* CJSONDataSerializer.m */,
				50FFC8C31AEE951100D075BF /* CJSONDeserializer.h */,
				50FFC8C41AEE951100D075BF /* CJSONDeserializer.m */,
				50FFC8C51AEE951100D075BF /* CJSONScanner.h */,
				50FFC8C61AEE951100D075BF /* CJSONScanner.m */,
				50FFC8C71AEE951100D075BF /* CJSONSerializer.h */,
				50FFC8C81AEE951100D075BF /* CJSONSerializer.m */,
				50FFC8C91AEE951100D075BF /* CSerializedJSONData.h */,
				50FFC8CA1AEE951100D075BF /* CSerializedJSONData.m */,
			);
			path = JSON;
			sourceTree = "<group>";
		};
		50FFC8CC1AEE951100D075BF /* Products */ = {
			isa = PBXGroup;
			children = (
				50FFC9151AEE951200D075BF /* UnitTests.octest */,
				50FFC9171AEE951200D075BF /* CocoaJSON Demo */,
			);
			name = Products;
			sourceTree = "<group>";
		};
		50FFC8CE1AEE951100D075BF /* UnitTests */ = {
			isa = PBXGroup;
			children = (
				50FFC8CF1AEE951100D075BF /* Blake.json */,
				50FFC8D01AEE951100D075BF /* CDataScanner_UnitTests.h */,
				50FFC8D11AEE951100D075BF /* CDataScanner_UnitTests.m */,
				50FFC8D21AEE951100D075BF /* CJSONDeserializer_UnitTests.h */,
				50FFC8D31AEE951100D075BF /* CJSONDeserializer_UnitTests.m */,
				50FFC8D41AEE951100D075BF /* CJSONScanner_UnitTests.h */,
				50FFC8D51AEE951100D075BF /* CJSONScanner_UnitTests.m */,
				50FFC8D61AEE951100D075BF /* CJSONSerializer_UnitTests.h */,
				50FFC8D71AEE951100D075BF /* CJSONSerializer_UnitTests.m */,
				50FFC8D81AEE951100D075BF /* Info.plist */,
				50FFC8D91AEE951100D075BF /* TestData */,
			);
			path = UnitTests;
			sourceTree = "<group>";
		};
		50FFC8D91AEE951100D075BF /* TestData */ = {
			isa = PBXGroup;
			children = (
				50FFC8DA1AEE951100D075BF /* ex1.json */,
				50FFC8DB1AEE951100D075BF /* ex1.plist */,
				50FFC8DC1AEE951100D075BF /* ex2.json */,
				50FFC8DD1AEE951100D075BF /* ex2.plist */,
				50FFC8DE1AEE951100D075BF /* ex3.json */,
				50FFC8DF1AEE951100D075BF /* ex3.plist */,
				50FFC8E01AEE951100D075BF /* ex4.json */,
				50FFC8E11AEE951100D075BF /* ex4.plist */,
				50FFC8E21AEE951100D075BF /* ex5.json */,
				50FFC8E31AEE951100D075BF /* JSONChecker */,
				50FFC9091AEE951100D075BF /* README */,
				50FFC90A1AEE951100D075BF /* rfc4627a.json */,
				50FFC90B1AEE951100D075BF /* rfc4627a.plist */,
				50FFC90C1AEE951100D075BF /* rfc4627b.json */,
				50FFC90D1AEE951100D075BF /* rfc4627b.plist */,
			);
			path = TestData;
			sourceTree = "<group>";
		};
		50FFC8E31AEE951100D075BF /* JSONChecker */ = {
			isa = PBXGroup;
			children = (
				50FFC8E41AEE951100D075BF /* fail1.json */,
				50FFC8E51AEE951100D075BF /* fail10.json */,
				50FFC8E61AEE951100D075BF /* fail11.json */,
				50FFC8E71AEE951100D075BF /* fail12.json */,
				50FFC8E81AEE951100D075BF /* fail13.json */,
				50FFC8E91AEE951100D075BF /* fail14.json */,
				50FFC8EA1AEE951100D075BF /* fail15.json */,
				50FFC8EB1AEE951100D075BF /* fail16.json */,
				50FFC8EC1AEE951100D075BF /* fail17.json */,
				50FFC8ED1AEE951100D075BF /* fail18.json */,
				50FFC8EE1AEE951100D075BF /* fail19.json */,
				50FFC8EF1AEE951100D075BF /* fail2.json */,
				50FFC8F01AEE951100D075BF /* fail20.json */,
				50FFC8F11AEE951100D075BF /* fail21.json */,
				50FFC8F21AEE951100D075BF /* fail22.json */,
				50FFC8F31AEE951100D075BF /* fail23.json */,
				50FFC8F41AEE951100D075BF /* fail24.json */,
				50FFC8F51AEE951100D075BF /* fail25.json */,
				50FFC8F61AEE951100D075BF /* fail26.json */,
				50FFC8F71AEE951100D075BF /* fail27.json */,
				50FFC8F81AEE951100D075BF /* fail28.json */,
				50FFC8F91AEE951100D075BF /* fail29.json */,
				50FFC8FA1AEE951100D075BF /* fail3.json */,
				50FFC8FB1AEE951100D075BF /* fail30.json */,
				50FFC8FC1AEE951100D075BF /* fail31.json */,
				50FFC8FD1AEE951100D075BF /* fail32.json */,
				50FFC8FE1AEE951100D075BF /* fail33.json */,
				50FFC8FF1AEE951100D075BF /* fail4.json */,
				50FFC9001AEE951100D075BF /* fail5.json */,
				50FFC9011AEE951100D075BF /* fail6.json */,
				50FFC9021AEE951100D075BF /* fail7.json */,
				50FFC9031AEE951100D075BF /* fail8.json */,
				50FFC9041AEE951100D075BF /* fail9.json */,
				50FFC9051AEE951100D075BF /* pass1.json */,
				50FFC9061AEE951100D075BF /* pass2.json */,
				50FFC9071AEE951100D075BF /* pass3.json */,
				50FFC9081AEE951100D075BF /* README */,
			);
			path = JSONChecker;
			sourceTree = "<group>";
		};
		9378AA0F602B9795A95F0DC0 /* Pods */ = {
			isa = PBXGroup;
			children = (
				44A7E5E4CB6D3784FF7A35CF /* Pods.debug.xcconfig */,
				54401B30E128C681F11159BD /* Pods.release.xcconfig */,
			);
			name = Pods;
			sourceTree = "<group>";
		};
/* End PBXGroup section */

/* Begin PBXNativeTarget section */
		50190BCA1A75B5C700FCD6FD /* Pizarra digital */ = {
			isa = PBXNativeTarget;
			buildConfigurationList = 50190BEE1A75B5C700FCD6FD /* Build configuration list for PBXNativeTarget "Pizarra digital" */;
			buildPhases = (
				FFDD6EB21B36191BA8DFEDBC /* Check Pods Manifest.lock */,
				50190BC71A75B5C700FCD6FD /* Sources */,
				50190BC81A75B5C700FCD6FD /* Frameworks */,
				50190BC91A75B5C700FCD6FD /* Resources */,
				67180D155EFE7559DD1A5C0E /* Copy Pods Resources */,
			);
			buildRules = (
			);
			dependencies = (
			);
			name = "Pizarra digital";
			productName = prova;
			productReference = 50190BCB1A75B5C700FCD6FD /* prova.app */;
			productType = "com.apple.product-type.application";
		};
		50190BE31A75B5C700FCD6FD /* provaTests */ = {
			isa = PBXNativeTarget;
			buildConfigurationList = 50190BF11A75B5C700FCD6FD /* Build configuration list for PBXNativeTarget "provaTests" */;
			buildPhases = (
				50190BE01A75B5C700FCD6FD /* Sources */,
				50190BE11A75B5C700FCD6FD /* Frameworks */,
				50190BE21A75B5C700FCD6FD /* Resources */,
			);
			buildRules = (
			);
			dependencies = (
				50190BE61A75B5C700FCD6FD /* PBXTargetDependency */,
			);
			name = provaTests;
			productName = provaTests;
			productReference = 50190BE41A75B5C700FCD6FD /* Pizarra digital.xctest */;
			productType = "com.apple.product-type.bundle.unit-test";
		};
/* End PBXNativeTarget section */

/* Begin PBXProject section */
		50190BC31A75B5C700FCD6FD /* Project object */ = {
			isa = PBXProject;
			attributes = {
				LastUpgradeCheck = 0610;
				ORGANIZATIONNAME = Albert;
				TargetAttributes = {
					50190BCA1A75B5C700FCD6FD = {
						CreatedOnToolsVersion = 6.1.1;
					};
					50190BE31A75B5C700FCD6FD = {
						CreatedOnToolsVersion = 6.1.1;
						TestTargetID = 50190BCA1A75B5C700FCD6FD;
					};
				};
			};
			buildConfigurationList = 50190BC61A75B5C700FCD6FD /* Build configuration list for PBXProject "prova" */;
			compatibilityVersion = "Xcode 3.2";
			developmentRegion = English;
			hasScannedForEncodings = 0;
			knownRegions = (
				en,
				Base,
			);
			mainGroup = 50190BC21A75B5C700FCD6FD;
			productRefGroup = 50190BCC1A75B5C700FCD6FD /* Products */;
			projectDirPath = "";
			projectReferences = (
				{
					ProductGroup = 50FFC8A11AEE951100D075BF /* Products */;
					ProjectRef = 50FFC8A01AEE951100D075BF /* JSONBenchmarking.xcodeproj */;
				},
				{
					ProductGroup = 50FFC8CC1AEE951100D075BF /* Products */;
					ProjectRef = 50FFC8CB1AEE951100D075BF /* TouchJSON.xcodeproj */;
				},
			);
			projectRoot = "";
			targets = (
				50190BCA1A75B5C700FCD6FD /* Pizarra digital */,
				50190BE31A75B5C700FCD6FD /* provaTests */,
			);
		};
/* End PBXProject section */

/* Begin PBXReferenceProxy section */
		50FFC9101AEE951200D075BF /* JSONBenchmark */ = {
			isa = PBXReferenceProxy;
			fileType = "compiled.mach-o.executable";
			path = JSONBenchmark;
			remoteRef = 50FFC90F1AEE951200D075BF /* PBXContainerItemProxy */;
			sourceTree = BUILT_PRODUCTS_DIR;
		};
		50FFC9151AEE951200D075BF /* UnitTests.octest */ = {
			isa = PBXReferenceProxy;
			fileType = wrapper.cfbundle;
			path = UnitTests.octest;
			remoteRef = 50FFC9141AEE951200D075BF /* PBXContainerItemProxy */;
			sourceTree = BUILT_PRODUCTS_DIR;
		};
		50FFC9171AEE951200D075BF /* CocoaJSON Demo */ = {
			isa = PBXReferenceProxy;
			fileType = "compiled.mach-o.executable";
			path = "CocoaJSON Demo";
			remoteRef = 50FFC9161AEE951200D075BF /* PBXContainerItemProxy */;
			sourceTree = BUILT_PRODUCTS_DIR;
		};
/* End PBXReferenceProxy section */

/* Begin PBXResourcesBuildPhase section */
		50190BC91A75B5C700FCD6FD /* Resources */ = {
			isa = PBXResourcesBuildPhase;
			buildActionMask = 2147483647;
			files = (
				50190BFF1A75B64B00FCD6FD /* basquetbol.gif in Resources */,
				504D7DB91A9B817900B20901 /* pause.png in Resources */,
				50190BDA1A75B5C700FCD6FD /* Main.storyboard in Resources */,
				504D7DB11A9B7CFF00B20901 /* jugador.jpg in Resources */,
				124F93161B172AD40081C4B6 /* unlocked.png in Resources */,
				507858E41A7FF2ED00557760 /* Logo.jpg in Resources */,
				504D7DB31A9B807700B20901 /* balon.png in Resources */,
				50190C011A75B64B00FCD6FD /* lapiz.jpg in Resources */,
				50190BDF1A75B5C700FCD6FD /* LaunchScreen.xib in Resources */,
				5026A8AB1B1762C200AF231D /* unlocked.png in Resources */,
				50190C001A75B64B00FCD6FD /* goma_de_borrar.jpg in Resources */,
				5026A8A91B1762B900AF231D /* user.png in Resources */,
				50190C031A75B64B00FCD6FD /* pista_basquet.jpg in Resources */,
				50190BDC1A75B5C700FCD6FD /* Images.xcassets in Resources */,
				124F93171B172AD40081C4B6 /* user.png in Resources */,
				504D7DB71A9B816E00B20901 /* start.png in Resources */,
				50190C021A75B64B00FCD6FD /* pista_basquet2.gif in Resources */,
			);
			runOnlyForDeploymentPostprocessing = 0;
		};
		50190BE21A75B5C700FCD6FD /* Resources */ = {
			isa = PBXResourcesBuildPhase;
			buildActionMask = 2147483647;
			files = (
			);
			runOnlyForDeploymentPostprocessing = 0;
		};
/* End PBXResourcesBuildPhase section */

/* Begin PBXShellScriptBuildPhase section */
		67180D155EFE7559DD1A5C0E /* Copy Pods Resources */ = {
			isa = PBXShellScriptBuildPhase;
			buildActionMask = 2147483647;
			files = (
			);
			inputPaths = (
			);
			name = "Copy Pods Resources";
			outputPaths = (
			);
			runOnlyForDeploymentPostprocessing = 0;
			shellPath = /bin/sh;
			shellScript = "\"${SRCROOT}/Pods/Target Support Files/Pods/Pods-resources.sh\"\n";
			showEnvVarsInLog = 0;
		};
		FFDD6EB21B36191BA8DFEDBC /* Check Pods Manifest.lock */ = {
			isa = PBXShellScriptBuildPhase;
			buildActionMask = 2147483647;
			files = (
			);
			inputPaths = (
			);
			name = "Check Pods Manifest.lock";
			outputPaths = (
			);
			runOnlyForDeploymentPostprocessing = 0;
			shellPath = /bin/sh;
			shellScript = "diff \"${PODS_ROOT}/../Podfile.lock\" \"${PODS_ROOT}/Manifest.lock\" > /dev/null\nif [[ $? != 0 ]] ; then\n    cat << EOM\nerror: The sandbox is not in sync with the Podfile.lock. Run 'pod install' or update your CocoaPods installation.\nEOM\n    exit 1\nfi\n";
			showEnvVarsInLog = 0;
		};
/* End PBXShellScriptBuildPhase section */

/* Begin PBXSourcesBuildPhase section */
		50190BC71A75B5C700FCD6FD /* Sources */ = {
			isa = PBXSourcesBuildPhase;
			buildActionMask = 2147483647;
			files = (
				5083F6A01A75C0FC008F5A81 /* RegistrarViewController.m in Sources */,
				50E31D961AE4F4BA00547803 /* mbMysqlQuery.m in Sources */,
				50190BD71A75B5C700FCD6FD /* ViewController.m in Sources */,
				504985B31A890E1600479C68 /* ReproduccionViewController.m in Sources */,
				50190BD41A75B5C700FCD6FD /* AppDelegate.m in Sources */,
				5083F6991A75BC53008F5A81 /* pizarraViewController.m in Sources */,
				50ADDCC31A764DC900B43632 /* BibliotecaViewController.m in Sources */,
				50190BD11A75B5C700FCD6FD /* main.m in Sources */,
				124F93131B1727B50081C4B6 /* AcercaDeViewController.m in Sources */,
				50E31C941AE3B92800547803 /* LoginTableTableViewController.m in Sources */,
				50E31D931AE4F35000547803 /* mbMysqlDB.m in Sources */,
				5083F69C1A75BF48008F5A81 /* MenuViewController.m in Sources */,
				50E31C9D1AE3C33900547803 /* AppMainViewController.m in Sources */,
				12E55CC21AEE289300A37E46 /* TickleGestureRecognizer.m in Sources */,
			);
			runOnlyForDeploymentPostprocessing = 0;
		};
		50190BE01A75B5C700FCD6FD /* Sources */ = {
			isa = PBXSourcesBuildPhase;
			buildActionMask = 2147483647;
			files = (
				50190BEB1A75B5C700FCD6FD /* PizarraBasquetTests.m in Sources */,
			);
			runOnlyForDeploymentPostprocessing = 0;
		};
/* End PBXSourcesBuildPhase section */

/* Begin PBXTargetDependency section */
		50190BE61A75B5C700FCD6FD /* PBXTargetDependency */ = {
			isa = PBXTargetDependency;
			target = 50190BCA1A75B5C700FCD6FD /* Pizarra digital */;
			targetProxy = 50190BE51A75B5C700FCD6FD /* PBXContainerItemProxy */;
		};
/* End PBXTargetDependency section */

/* Begin PBXVariantGroup section */
		50190BD81A75B5C700FCD6FD /* Main.storyboard */ = {
			isa = PBXVariantGroup;
			children = (
				50190BD91A75B5C700FCD6FD /* Base */,
				5083F6A41A75C9EA008F5A81 /* es */,
			);
			name = Main.storyboard;
			sourceTree = "<group>";
		};
		50190BDD1A75B5C700FCD6FD /* LaunchScreen.xib */ = {
			isa = PBXVariantGroup;
			children = (
				50190BDE1A75B5C700FCD6FD /* Base */,
				5083F6A51A75C9EA008F5A81 /* es */,
			);
			name = LaunchScreen.xib;
			sourceTree = "<group>";
		};
/* End PBXVariantGroup section */

/* Begin XCBuildConfiguration section */
		50190BEC1A75B5C700FCD6FD /* Debug */ = {
			isa = XCBuildConfiguration;
			buildSettings = {
				ALWAYS_SEARCH_USER_PATHS = NO;
				CLANG_CXX_LANGUAGE_STANDARD = "gnu++0x";
				CLANG_CXX_LIBRARY = "libc++";
				CLANG_ENABLE_MODULES = YES;
				CLANG_ENABLE_OBJC_ARC = YES;
				CLANG_WARN_BOOL_CONVERSION = YES;
				CLANG_WARN_CONSTANT_CONVERSION = YES;
				CLANG_WARN_DIRECT_OBJC_ISA_USAGE = YES_ERROR;
				CLANG_WARN_EMPTY_BODY = YES;
				CLANG_WARN_ENUM_CONVERSION = YES;
				CLANG_WARN_INT_CONVERSION = YES;
				CLANG_WARN_OBJC_ROOT_CLASS = YES_ERROR;
				CLANG_WARN_UNREACHABLE_CODE = YES;
				CLANG_WARN__DUPLICATE_METHOD_MATCH = YES;
				"CODE_SIGN_IDENTITY[sdk=iphoneos*]" = "iPhone Developer";
				COPY_PHASE_STRIP = NO;
				ENABLE_STRICT_OBJC_MSGSEND = YES;
				GCC_C_LANGUAGE_STANDARD = gnu99;
				GCC_DYNAMIC_NO_PIC = NO;
				GCC_OPTIMIZATION_LEVEL = 0;
				GCC_PREPROCESSOR_DEFINITIONS = (
					"DEBUG=1",
					"$(inherited)",
				);
				GCC_SYMBOLS_PRIVATE_EXTERN = NO;
				GCC_WARN_64_TO_32_BIT_CONVERSION = YES;
				GCC_WARN_ABOUT_RETURN_TYPE = YES_ERROR;
				GCC_WARN_UNDECLARED_SELECTOR = YES;
				GCC_WARN_UNINITIALIZED_AUTOS = YES_AGGRESSIVE;
				GCC_WARN_UNUSED_FUNCTION = YES;
				GCC_WARN_UNUSED_VARIABLE = YES;
				IPHONEOS_DEPLOYMENT_TARGET = 7.1;
				MTL_ENABLE_DEBUG_INFO = YES;
				ONLY_ACTIVE_ARCH = YES;
				SDKROOT = iphoneos;
				TARGETED_DEVICE_FAMILY = 2;
			};
			name = Debug;
		};
		50190BED1A75B5C700FCD6FD /* Release */ = {
			isa = XCBuildConfiguration;
			buildSettings = {
				ALWAYS_SEARCH_USER_PATHS = NO;
				CLANG_CXX_LANGUAGE_STANDARD = "gnu++0x";
				CLANG_CXX_LIBRARY = "libc++";
				CLANG_ENABLE_MODULES = YES;
				CLANG_ENABLE_OBJC_ARC = YES;
				CLANG_WARN_BOOL_CONVERSION = YES;
				CLANG_WARN_CONSTANT_CONVERSION = YES;
				CLANG_WARN_DIRECT_OBJC_ISA_USAGE = YES_ERROR;
				CLANG_WARN_EMPTY_BODY = YES;
				CLANG_WARN_ENUM_CONVERSION = YES;
				CLANG_WARN_INT_CONVERSION = YES;
				CLANG_WARN_OBJC_ROOT_CLASS = YES_ERROR;
				CLANG_WARN_UNREACHABLE_CODE = YES;
				CLANG_WARN__DUPLICATE_METHOD_MATCH = YES;
				"CODE_SIGN_IDENTITY[sdk=iphoneos*]" = "iPhone Developer";
				COPY_PHASE_STRIP = YES;
				ENABLE_NS_ASSERTIONS = NO;
				ENABLE_STRICT_OBJC_MSGSEND = YES;
				GCC_C_LANGUAGE_STANDARD = gnu99;
				GCC_WARN_64_TO_32_BIT_CONVERSION = YES;
				GCC_WARN_ABOUT_RETURN_TYPE = YES_ERROR;
				GCC_WARN_UNDECLARED_SELECTOR = YES;
				GCC_WARN_UNINITIALIZED_AUTOS = YES_AGGRESSIVE;
				GCC_WARN_UNUSED_FUNCTION = YES;
				GCC_WARN_UNUSED_VARIABLE = YES;
				IPHONEOS_DEPLOYMENT_TARGET = 7.1;
				MTL_ENABLE_DEBUG_INFO = NO;
				SDKROOT = iphoneos;
				TARGETED_DEVICE_FAMILY = 2;
				VALIDATE_PRODUCT = YES;
			};
			name = Release;
		};
		50190BEF1A75B5C700FCD6FD /* Debug */ = {
			isa = XCBuildConfiguration;
			baseConfigurationReference = 44A7E5E4CB6D3784FF7A35CF /* Pods.debug.xcconfig */;
			buildSettings = {
				ASSETCATALOG_COMPILER_APPICON_NAME = AppIcon;
				CLANG_ENABLE_OBJC_ARC = NO;
				CODE_SIGN_IDENTITY = "iPhone Developer";
				INFOPLIST_FILE = prova/Info.plist;
				LD_RUNPATH_SEARCH_PATHS = "$(inherited) @executable_path/Frameworks";
				LIBRARY_SEARCH_PATHS = (
					"$(inherited)",
					"$(PROJECT_DIR)/Pods/",
				);
				ONLY_ACTIVE_ARCH = NO;
				PRODUCT_NAME = prova;
				SDKROOT = iphoneos7.1;
				VALID_ARCHS = "armv7 armv7s arm64";
			};
			name = Debug;
		};
		50190BF01A75B5C700FCD6FD /* Release */ = {
			isa = XCBuildConfiguration;
			baseConfigurationReference = 54401B30E128C681F11159BD /* Pods.release.xcconfig */;
			buildSettings = {
				ASSETCATALOG_COMPILER_APPICON_NAME = AppIcon;
				CLANG_ENABLE_OBJC_ARC = NO;
				CODE_SIGN_IDENTITY = "iPhone Developer";
				INFOPLIST_FILE = prova/Info.plist;
				LD_RUNPATH_SEARCH_PATHS = "$(inherited) @executable_path/Frameworks";
				LIBRARY_SEARCH_PATHS = (
					"$(inherited)",
					"$(PROJECT_DIR)/Pods/",
				);
				ONLY_ACTIVE_ARCH = NO;
				PRODUCT_NAME = prova;
				SDKROOT = iphoneos7.1;
				VALID_ARCHS = "armv7 armv7s arm64";
			};
			name = Release;
		};
		50190BF21A75B5C700FCD6FD /* Debug */ = {
			isa = XCBuildConfiguration;
			buildSettings = {
				BUNDLE_LOADER = "$(TEST_HOST)";
				FRAMEWORK_SEARCH_PATHS = (
					"$(SDKROOT)/Developer/Library/Frameworks",
					"$(inherited)",
				);
				GCC_PREPROCESSOR_DEFINITIONS = (
					"DEBUG=1",
					"$(inherited)",
				);
				INFOPLIST_FILE = "Pizarra digital/Info.plist";
				LD_RUNPATH_SEARCH_PATHS = "$(inherited) @executable_path/Frameworks @loader_path/Frameworks";
				PRODUCT_NAME = "Pizarra digital";
				TEST_HOST = "$(BUILT_PRODUCTS_DIR)/prova.app/prova";
			};
			name = Debug;
		};
		50190BF31A75B5C700FCD6FD /* Release */ = {
			isa = XCBuildConfiguration;
			buildSettings = {
				BUNDLE_LOADER = "$(TEST_HOST)";
				FRAMEWORK_SEARCH_PATHS = (
					"$(SDKROOT)/Developer/Library/Frameworks",
					"$(inherited)",
				);
				INFOPLIST_FILE = "Pizarra digital/Info.plist";
				LD_RUNPATH_SEARCH_PATHS = "$(inherited) @executable_path/Frameworks @loader_path/Frameworks";
				PRODUCT_NAME = "Pizarra digital";
				TEST_HOST = "$(BUILT_PRODUCTS_DIR)/prova.app/prova";
			};
			name = Release;
		};
/* End XCBuildConfiguration section */

/* Begin XCConfigurationList section */
		50190BC61A75B5C700FCD6FD /* Build configuration list for PBXProject "prova" */ = {
			isa = XCConfigurationList;
			buildConfigurations = (
				50190BEC1A75B5C700FCD6FD /* Debug */,
				50190BED1A75B5C700FCD6FD /* Release */,
			);
			defaultConfigurationIsVisible = 0;
			defaultConfigurationName = Release;
		};
		50190BEE1A75B5C700FCD6FD /* Build configuration list for PBXNativeTarget "Pizarra digital" */ = {
			isa = XCConfigurationList;
			buildConfigurations = (
				50190BEF1A75B5C700FCD6FD /* Debug */,
				50190BF01A75B5C700FCD6FD /* Release */,
			);
			defaultConfigurationIsVisible = 0;
			defaultConfigurationName = Release;
		};
		50190BF11A75B5C700FCD6FD /* Build configuration list for PBXNativeTarget "provaTests" */ = {
			isa = XCConfigurationList;
			buildConfigurations = (
				50190BF21A75B5C700FCD6FD /* Debug */,
				50190BF31A75B5C700FCD6FD /* Release */,
			);
			defaultConfigurationIsVisible = 0;
			defaultConfigurationName = Release;
		};
/* End XCConfigurationList section */
	};
	rootObject = 50190BC31A75B5C700FCD6FD /* Project object */;
}
